// !$*UTF8*$!
{
	archiveVersion = 1;
	classes = {
	};
	objectVersion = 46;
	objects = {

/* Begin PBXBuildFile section */
		B0976FED19920F840021E9E9 /* Foundation.framework in Frameworks */ = {isa = PBXBuildFile; fileRef = B0976FEC19920F840021E9E9 /* Foundation.framework */; };
		B0976FEF19920F840021E9E9 /* CoreGraphics.framework in Frameworks */ = {isa = PBXBuildFile; fileRef = B0976FEE19920F840021E9E9 /* CoreGraphics.framework */; };
		B0976FF119920F840021E9E9 /* UIKit.framework in Frameworks */ = {isa = PBXBuildFile; fileRef = B0976FF019920F840021E9E9 /* UIKit.framework */; };
		B0976FF719920F840021E9E9 /* InfoPlist.strings in Resources */ = {isa = PBXBuildFile; fileRef = B0976FF519920F840021E9E9 /* InfoPlist.strings */; };
		B0976FF919920F840021E9E9 /* main.m in Sources */ = {isa = PBXBuildFile; fileRef = B0976FF819920F840021E9E9 /* main.m */; };
		B0976FFD19920F840021E9E9 /* SHAppDelegate.m in Sources */ = {isa = PBXBuildFile; fileRef = B0976FFC19920F840021E9E9 /* SHAppDelegate.m */; };
		B097700019920F840021E9E9 /* Main.storyboard in Resources */ = {isa = PBXBuildFile; fileRef = B0976FFE19920F840021E9E9 /* Main.storyboard */; };
		B097700319920F840021E9E9 /* SHViewController.m in Sources */ = {isa = PBXBuildFile; fileRef = B097700219920F840021E9E9 /* SHViewController.m */; };
		B097700519920F840021E9E9 /* Images.xcassets in Resources */ = {isa = PBXBuildFile; fileRef = B097700419920F840021E9E9 /* Images.xcassets */; };
		B097700C19920F840021E9E9 /* XCTest.framework in Frameworks */ = {isa = PBXBuildFile; fileRef = B097700B19920F840021E9E9 /* XCTest.framework */; };
		B097700D19920F840021E9E9 /* Foundation.framework in Frameworks */ = {isa = PBXBuildFile; fileRef = B0976FEC19920F840021E9E9 /* Foundation.framework */; };
		B097700E19920F840021E9E9 /* UIKit.framework in Frameworks */ = {isa = PBXBuildFile; fileRef = B0976FF019920F840021E9E9 /* UIKit.framework */; };
		B097701619920F840021E9E9 /* InfoPlist.strings in Resources */ = {isa = PBXBuildFile; fileRef = B097701419920F840021E9E9 /* InfoPlist.strings */; };
		B097701819920F840021E9E9 /* HotNewsTests.m in Sources */ = {isa = PBXBuildFile; fileRef = B097701719920F840021E9E9 /* HotNewsTests.m */; };
		B09770241992106D0021E9E9 /* SHScrollMenuView.m in Sources */ = {isa = PBXBuildFile; fileRef = B09770231992106D0021E9E9 /* SHScrollMenuView.m */; };
		B0977029199213B40021E9E9 /* leftShadow@2x.png in Resources */ = {isa = PBXBuildFile; fileRef = B0977026199213B40021E9E9 /* leftShadow@2x.png */; };
		B097702A199213B40021E9E9 /* managerMenuButton@2x.png in Resources */ = {isa = PBXBuildFile; fileRef = B0977027199213B40021E9E9 /* managerMenuButton@2x.png */; };
		B097702B199213B40021E9E9 /* rightShadow@2x.png in Resources */ = {isa = PBXBuildFile; fileRef = B0977028199213B40021E9E9 /* rightShadow@2x.png */; };
		B097702E199218390021E9E9 /* SHMenuItem.m in Sources */ = {isa = PBXBuildFile; fileRef = B097702D199218390021E9E9 /* SHMenuItem.m */; };
		B0977031199234A80021E9E9 /* SHIndicatorView.m in Sources */ = {isa = PBXBuildFile; fileRef = B0977030199234A80021E9E9 /* SHIndicatorView.m */; };
/* End PBXBuildFile section */

/* Begin PBXContainerItemProxy section */
		B097700F19920F840021E9E9 /* PBXContainerItemProxy */ = {
			isa = PBXContainerItemProxy;
			containerPortal = B0976FE119920F840021E9E9 /* Project object */;
			proxyType = 1;
			remoteGlobalIDString = B0976FE819920F840021E9E9;
			remoteInfo = HotNews;
		};
/* End PBXContainerItemProxy section */

/* Begin PBXFileReference section */
		B0976FE919920F840021E9E9 /* HotNews.app */ = {isa = PBXFileReference; explicitFileType = wrapper.application; includeInIndex = 0; path = HotNews.app; sourceTree = BUILT_PRODUCTS_DIR; };
		B0976FEC19920F840021E9E9 /* Foundation.framework */ = {isa = PBXFileReference; lastKnownFileType = wrapper.framework; name = Foundation.framework; path = System/Library/Frameworks/Foundation.framework; sourceTree = SDKROOT; };
		B0976FEE19920F840021E9E9 /* CoreGraphics.framework */ = {isa = PBXFileReference; lastKnownFileType = wrapper.framework; name = CoreGraphics.framework; path = System/Library/Frameworks/CoreGraphics.framework; sourceTree = SDKROOT; };
		B0976FF019920F840021E9E9 /* UIKit.framework */ = {isa = PBXFileReference; lastKnownFileType = wrapper.framework; name = UIKit.framework; path = System/Library/Frameworks/UIKit.framework; sourceTree = SDKROOT; };
		B0976FF419920F840021E9E9 /* HotNews-Info.plist */ = {isa = PBXFileReference; lastKnownFileType = text.plist.xml; path = "HotNews-Info.plist"; sourceTree = "<group>"; };
		B0976FF619920F840021E9E9 /* en */ = {isa = PBXFileReference; lastKnownFileType = text.plist.strings; name = en; path = en.lproj/InfoPlist.strings; sourceTree = "<group>"; };
		B0976FF819920F840021E9E9 /* main.m */ = {isa = PBXFileReference; lastKnownFileType = sourcecode.c.objc; path = main.m; sourceTree = "<group>"; };
		B0976FFA19920F840021E9E9 /* HotNews-Prefix.pch */ = {isa = PBXFileReference; lastKnownFileType = sourcecode.c.h; path = "HotNews-Prefix.pch"; sourceTree = "<group>"; };
		B0976FFB19920F840021E9E9 /* SHAppDelegate.h */ = {isa = PBXFileReference; lastKnownFileType = sourcecode.c.h; path = SHAppDelegate.h; sourceTree = "<group>"; };
		B0976FFC19920F840021E9E9 /* SHAppDelegate.m */ = {isa = PBXFileReference; lastKnownFileType = sourcecode.c.objc; path = SHAppDelegate.m; sourceTree = "<group>"; };
		B0976FFF19920F840021E9E9 /* Base */ = {isa = PBXFileReference; lastKnownFileType = file.storyboard; name = Base; path = Base.lproj/Main.storyboard; sourceTree = "<group>"; };
		B097700119920F840021E9E9 /* SHViewController.h */ = {isa = PBXFileReference; lastKnownFileType = sourcecode.c.h; path = SHViewController.h; sourceTree = "<group>"; };
		B097700219920F840021E9E9 /* SHViewController.m */ = {isa = PBXFileReference; lastKnownFileType = sourcecode.c.objc; path = SHViewController.m; sourceTree = "<group>"; };
		B097700419920F840021E9E9 /* Images.xcassets */ = {isa = PBXFileReference; lastKnownFileType = folder.assetcatalog; path = Images.xcassets; sourceTree = "<group>"; };
		B097700A19920F840021E9E9 /* HotNewsTests.xctest */ = {isa = PBXFileReference; explicitFileType = wrapper.cfbundle; includeInIndex = 0; path = HotNewsTests.xctest; sourceTree = BUILT_PRODUCTS_DIR; };
		B097700B19920F840021E9E9 /* XCTest.framework */ = {isa = PBXFileReference; lastKnownFileType = wrapper.framework; name = XCTest.framework; path = Library/Frameworks/XCTest.framework; sourceTree = DEVELOPER_DIR; };
		B097701319920F840021E9E9 /* HotNewsTests-Info.plist */ = {isa = PBXFileReference; lastKnownFileType = text.plist.xml; path = "HotNewsTests-Info.plist"; sourceTree = "<group>"; };
		B097701519920F840021E9E9 /* en */ = {isa = PBXFileReference; lastKnownFileType = text.plist.strings; name = en; path = en.lproj/InfoPlist.strings; sourceTree = "<group>"; };
		B097701719920F840021E9E9 /* HotNewsTests.m */ = {isa = PBXFileReference; lastKnownFileType = sourcecode.c.objc; path = HotNewsTests.m; sourceTree = "<group>"; };
		B09770221992106D0021E9E9 /* SHScrollMenuView.h */ = {isa = PBXFileReference; fileEncoding = 4; lastKnownFileType = sourcecode.c.h; path = SHScrollMenuView.h; sourceTree = "<group>"; };
		B09770231992106D0021E9E9 /* SHScrollMenuView.m */ = {isa = PBXFileReference; fileEncoding = 4; lastKnownFileType = sourcecode.c.objc; path = SHScrollMenuView.m; sourceTree = "<group>"; };
		B0977026199213B40021E9E9 /* leftShadow@2x.png */ = {isa = PBXFileReference; lastKnownFileType = image.png; path = "leftShadow@2x.png"; sourceTree = "<group>"; };
		B0977027199213B40021E9E9 /* managerMenuButton@2x.png */ = {isa = PBXFileReference; lastKnownFileType = image.png; path = "managerMenuButton@2x.png"; sourceTree = "<group>"; };
		B0977028199213B40021E9E9 /* rightShadow@2x.png */ = {isa = PBXFileReference; lastKnownFileType = image.png; path = "rightShadow@2x.png"; sourceTree = "<group>"; };
		B097702C199218390021E9E9 /* SHMenuItem.h */ = {isa = PBXFileReference; fileEncoding = 4; lastKnownFileType = sourcecode.c.h; path = SHMenuItem.h; sourceTree = "<group>"; };
		B097702D199218390021E9E9 /* SHMenuItem.m */ = {isa = PBXFileReference; fileEncoding = 4; lastKnownFileType = sourcecode.c.objc; path = SHMenuItem.m; sourceTree = "<group>"; };
		B097702F199234A80021E9E9 /* SHIndicatorView.h */ = {isa = PBXFileReference; fileEncoding = 4; lastKnownFileType = sourcecode.c.h; path = SHIndicatorView.h; sourceTree = "<group>"; };
		B0977030199234A80021E9E9 /* SHIndicatorView.m */ = {isa = PBXFileReference; fileEncoding = 4; lastKnownFileType = sourcecode.c.objc; path = SHIndicatorView.m; sourceTree = "<group>"; };
/* End PBXFileReference section */

/* Begin PBXFrameworksBuildPhase section */
		B0976FE619920F840021E9E9 /* Frameworks */ = {
			isa = PBXFrameworksBuildPhase;
			buildActionMask = 2147483647;
			files = (
				B0976FEF19920F840021E9E9 /* CoreGraphics.framework in Frameworks */,
				B0976FF119920F840021E9E9 /* UIKit.framework in Frameworks */,
				B0976FED19920F840021E9E9 /* Foundation.framework in Frameworks */,
			);
			runOnlyForDeploymentPostprocessing = 0;
		};
		B097700719920F840021E9E9 /* Frameworks */ = {
			isa = PBXFrameworksBuildPhase;
			buildActionMask = 2147483647;
			files = (
				B097700C19920F840021E9E9 /* XCTest.framework in Frameworks */,
				B097700E19920F840021E9E9 /* UIKit.framework in Frameworks */,
				B097700D19920F840021E9E9 /* Foundation.framework in Frameworks */,
			);
			runOnlyForDeploymentPostprocessing = 0;
		};
/* End PBXFrameworksBuildPhase section */

/* Begin PBXGroup section */
		B0976FE019920F840021E9E9 = {
			isa = PBXGroup;
			children = (
				B0976FF219920F840021E9E9 /* HotNews */,
				B097701119920F840021E9E9 /* HotNewsTests */,
				B0976FEB19920F840021E9E9 /* Frameworks */,
				B0976FEA19920F840021E9E9 /* Products */,
			);
			sourceTree = "<group>";
		};
		B0976FEA19920F840021E9E9 /* Products */ = {
			isa = PBXGroup;
			children = (
				B0976FE919920F840021E9E9 /* HotNews.app */,
				B097700A19920F840021E9E9 /* HotNewsTests.xctest */,
			);
			name = Products;
			sourceTree = "<group>";
		};
		B0976FEB19920F840021E9E9 /* Frameworks */ = {
			isa = PBXGroup;
			children = (
				B0976FEC19920F840021E9E9 /* Foundation.framework */,
				B0976FEE19920F840021E9E9 /* CoreGraphics.framework */,
				B0976FF019920F840021E9E9 /* UIKit.framework */,
				B097700B19920F840021E9E9 /* XCTest.framework */,
			);
			name = Frameworks;
			sourceTree = "<group>";
		};
		B0976FF219920F840021E9E9 /* HotNews */ = {
			isa = PBXGroup;
			children = (
				B0977025199213B40021E9E9 /* Resources */,
				B0977021199210340021E9E9 /* menuView */,
				B0976FFB19920F840021E9E9 /* SHAppDelegate.h */,
				B0976FFC19920F840021E9E9 /* SHAppDelegate.m */,
				B0976FFE19920F840021E9E9 /* Main.storyboard */,
				B097700119920F840021E9E9 /* SHViewController.h */,
				B097700219920F840021E9E9 /* SHViewController.m */,
				B097700419920F840021E9E9 /* Images.xcassets */,
				B0976FF319920F840021E9E9 /* Supporting Files */,
			);
			path = HotNews;
			sourceTree = "<group>";
		};
		B0976FF319920F840021E9E9 /* Supporting Files */ = {
			isa = PBXGroup;
			children = (
				B0976FF419920F840021E9E9 /* HotNews-Info.plist */,
				B0976FF519920F840021E9E9 /* InfoPlist.strings */,
				B0976FF819920F840021E9E9 /* main.m */,
				B0976FFA19920F840021E9E9 /* HotNews-Prefix.pch */,
			);
			name = "Supporting Files";
			sourceTree = "<group>";
		};
		B097701119920F840021E9E9 /* HotNewsTests */ = {
			isa = PBXGroup;
			children = (
				B097701719920F840021E9E9 /* HotNewsTests.m */,
				B097701219920F840021E9E9 /* Supporting Files */,
			);
			path = HotNewsTests;
			sourceTree = "<group>";
		};
		B097701219920F840021E9E9 /* Supporting Files */ = {
			isa = PBXGroup;
			children = (
				B097701319920F840021E9E9 /* HotNewsTests-Info.plist */,
				B097701419920F840021E9E9 /* InfoPlist.strings */,
			);
			name = "Supporting Files";
			sourceTree = "<group>";
		};
		B0977021199210340021E9E9 /* menuView */ = {
			isa = PBXGroup;
			children = (
				B09770221992106D0021E9E9 /* SHScrollMenuView.h */,
				B09770231992106D0021E9E9 /* SHScrollMenuView.m */,
				B097702C199218390021E9E9 /* SHMenuItem.h */,
				B097702D199218390021E9E9 /* SHMenuItem.m */,
				B097702F199234A80021E9E9 /* SHIndicatorView.h */,
				B0977030199234A80021E9E9 /* SHIndicatorView.m */,
			);
			name = menuView;
			sourceTree = "<group>";
		};
		B0977025199213B40021E9E9 /* Resources */ = {
			isa = PBXGroup;
			children = (
				B0977026199213B40021E9E9 /* leftShadow@2x.png */,
				B0977027199213B40021E9E9 /* managerMenuButton@2x.png */,
				B0977028199213B40021E9E9 /* rightShadow@2x.png */,
			);
			path = Resources;
			sourceTree = "<group>";
		};
/* End PBXGroup section */

/* Begin PBXNativeTarget section */
		B0976FE819920F840021E9E9 /* HotNews */ = {
			isa = PBXNativeTarget;
			buildConfigurationList = B097701B19920F840021E9E9 /* Build configuration list for PBXNativeTarget "HotNews" */;
			buildPhases = (
				B0976FE519920F840021E9E9 /* Sources */,
				B0976FE619920F840021E9E9 /* Frameworks */,
				B0976FE719920F840021E9E9 /* Resources */,
			);
			buildRules = (
			);
			dependencies = (
			);
			name = HotNews;
			productName = HotNews;
			productReference = B0976FE919920F840021E9E9 /* HotNews.app */;
			productType = "com.apple.product-type.application";
		};
		B097700919920F840021E9E9 /* HotNewsTests */ = {
			isa = PBXNativeTarget;
			buildConfigurationList = B097701E19920F840021E9E9 /* Build configuration list for PBXNativeTarget "HotNewsTests" */;
			buildPhases = (
				B097700619920F840021E9E9 /* Sources */,
				B097700719920F840021E9E9 /* Frameworks */,
				B097700819920F840021E9E9 /* Resources */,
			);
			buildRules = (
			);
			dependencies = (
				B097701019920F840021E9E9 /* PBXTargetDependency */,
			);
			name = HotNewsTests;
			productName = HotNewsTests;
			productReference = B097700A19920F840021E9E9 /* HotNewsTests.xctest */;
			productType = "com.apple.product-type.bundle.unit-test";
		};
/* End PBXNativeTarget section */

/* Begin PBXProject section */
		B0976FE119920F840021E9E9 /* Project object */ = {
			isa = PBXProject;
			attributes = {
				CLASSPREFIX = SH;
				LastUpgradeCheck = 0510;
				ORGANIZATIONNAME = "Li Long";
				TargetAttributes = {
					B097700919920F840021E9E9 = {
						TestTargetID = B0976FE819920F840021E9E9;
					};
				};
			};
			buildConfigurationList = B0976FE419920F840021E9E9 /* Build configuration list for PBXProject "HotNews" */;
			compatibilityVersion = "Xcode 3.2";
			developmentRegion = English;
			hasScannedForEncodings = 0;
			knownRegions = (
				en,
				Base,
			);
			mainGroup = B0976FE019920F840021E9E9;
			productRefGroup = B0976FEA19920F840021E9E9 /* Products */;
			projectDirPath = "";
			projectRoot = "";
			targets = (
				B0976FE819920F840021E9E9 /* HotNews */,
				B097700919920F840021E9E9 /* HotNewsTests */,
			);
		};
/* End PBXProject section */

/* Begin PBXResourcesBuildPhase section */
		B0976FE719920F840021E9E9 /* Resources */ = {
			isa = PBXResourcesBuildPhase;
			buildActionMask = 2147483647;
			files = (
				B097700519920F840021E9E9 /* Images.xcassets in Resources */,
				B0976FF719920F840021E9E9 /* InfoPlist.strings in Resources */,
				B097700019920F840021E9E9 /* Main.storyboard in Resources */,
				B097702B199213B40021E9E9 /* rightShadow@2x.png in Resources */,
				B097702A199213B40021E9E9 /* managerMenuButton@2x.png in Resources */,
				B0977029199213B40021E9E9 /* leftShadow@2x.png in Resources */,
			);
			runOnlyForDeploymentPostprocessing = 0;
		};
		B097700819920F840021E9E9 /* Resources */ = {
			isa = PBXResourcesBuildPhase;
			buildActionMask = 2147483647;
			files = (
				B097701619920F840021E9E9 /* InfoPlist.strings in Resources */,
			);
			runOnlyForDeploymentPostprocessing = 0;
		};
/* End PBXResourcesBuildPhase section */

/* Begin PBXSourcesBuildPhase section */
		B0976FE519920F840021E9E9 /* Sources */ = {
			isa = PBXSourcesBuildPhase;
			buildActionMask = 2147483647;
			files = (
				B097702E199218390021E9E9 /* SHMenuItem.m in Sources */,
				B0976FF919920F840021E9E9 /* main.m in Sources */,
				B097700319920F840021E9E9 /* SHViewController.m in Sources */,
				B0976FFD19920F840021E9E9 /* SHAppDelegate.m in Sources */,
				B09770241992106D0021E9E9 /* SHScrollMenuView.m in Sources */,
				B0977031199234A80021E9E9 /* SHIndicatorView.m in Sources */,
			);
			runOnlyForDeploymentPostprocessing = 0;
		};
		B097700619920F840021E9E9 /* Sources */ = {
			isa = PBXSourcesBuildPhase;
			buildActionMask = 2147483647;
			files = (
				B097701819920F840021E9E9 /* HotNewsTests.m in Sources */,
			);
			runOnlyForDeploymentPostprocessing = 0;
		};
/* End PBXSourcesBuildPhase section */

/* Begin PBXTargetDependency section */
		B097701019920F840021E9E9 /* PBXTargetDependency */ = {
			isa = PBXTargetDependency;
			target = B0976FE819920F840021E9E9 /* HotNews */;
			targetProxy = B097700F19920F840021E9E9 /* PBXContainerItemProxy */;
		};
/* End PBXTargetDependency section */

/* Begin PBXVariantGroup section */
		B0976FF519920F840021E9E9 /* InfoPlist.strings */ = {
			isa = PBXVariantGroup;
			children = (
				B0976FF619920F840021E9E9 /* en */,
			);
			name = InfoPlist.strings;
			sourceTree = "<group>";
		};
		B0976FFE19920F840021E9E9 /* Main.storyboard */ = {
			isa = PBXVariantGroup;
			children = (
				B0976FFF19920F840021E9E9 /* Base */,
			);
			name = Main.storyboard;
			sourceTree = "<group>";
		};
		B097701419920F840021E9E9 /* InfoPlist.strings */ = {
			isa = PBXVariantGroup;
			children = (
				B097701519920F840021E9E9 /* en */,
			);
			name = InfoPlist.strings;
			sourceTree = "<group>";
		};
/* End PBXVariantGroup section */

/* Begin XCBuildConfiguration section */
		B097701919920F840021E9E9 /* Debug */ = {
			isa = XCBuildConfiguration;
			buildSettings = {
				ALWAYS_SEARCH_USER_PATHS = NO;
				CLANG_CXX_LANGUAGE_STANDARD = "gnu++0x";
				CLANG_CXX_LIBRARY = "libc++";
				CLANG_ENABLE_MODULES = YES;
				CLANG_ENABLE_OBJC_ARC = YES;
				CLANG_WARN_BOOL_CONVERSION = YES;
				CLANG_WARN_CONSTANT_CONVERSION = YES;
				CLANG_WARN_DIRECT_OBJC_ISA_USAGE = YES_ERROR;
				CLANG_WARN_EMPTY_BODY = YES;
				CLANG_WARN_ENUM_CONVERSION = YES;
				CLANG_WARN_INT_CONVERSION = YES;
				CLANG_WARN_OBJC_ROOT_CLASS = YES_ERROR;
				CLANG_WARN__DUPLICATE_METHOD_MATCH = YES;
				"CODE_SIGN_IDENTITY[sdk=iphoneos*]" = "iPhone Developer";
				COPY_PHASE_STRIP = NO;
				GCC_C_LANGUAGE_STANDARD = gnu99;
				GCC_DYNAMIC_NO_PIC = NO;
				GCC_OPTIMIZATION_LEVEL = 0;
				GCC_PREPROCESSOR_DEFINITIONS = (
					"DEBUG=1",
					"$(inherited)",
				);
				GCC_SYMBOLS_PRIVATE_EXTERN = NO;
				GCC_WARN_64_TO_32_BIT_CONVERSION = YES;
				GCC_WARN_ABOUT_RETURN_TYPE = YES_ERROR;
				GCC_WARN_UNDECLARED_SELECTOR = YES;
				GCC_WARN_UNINITIALIZED_AUTOS = YES_AGGRESSIVE;
				GCC_WARN_UNUSED_FUNCTION = YES;
				GCC_WARN_UNUSED_VARIABLE = YES;
				IPHONEOS_DEPLOYMENT_TARGET = 7.1;
				ONLY_ACTIVE_ARCH = YES;
				SDKROOT = iphoneos;
			};
			name = Debug;
		};
		B097701A19920F840021E9E9 /* Release */ = {
			isa = XCBuildConfiguration;
			buildSettings = {
				ALWAYS_SEARCH_USER_PATHS = NO;
				CLANG_CXX_LANGUAGE_STANDARD = "gnu++0x";
				CLANG_CXX_LIBRARY = "libc++";
				CLANG_ENABLE_MODULES = YES;
				CLANG_ENABLE_OBJC_ARC = YES;
				CLANG_WARN_BOOL_CONVERSION = YES;
				CLANG_WARN_CONSTANT_CONVERSION = YES;
				CLANG_WARN_DIRECT_OBJC_ISA_USAGE = YES_ERROR;
				CLANG_WARN_EMPTY_BODY = YES;
				CLANG_WARN_ENUM_CONVERSION = YES;
				CLANG_WARN_INT_CONVERSION = YES;
				CLANG_WARN_OBJC_ROOT_CLASS = YES_ERROR;
				CLANG_WARN__DUPLICATE_METHOD_MATCH = YES;
				"CODE_SIGN_IDENTITY[sdk=iphoneos*]" = "iPhone Developer";
				COPY_PHASE_STRIP = YES;
				ENABLE_NS_ASSERTIONS = NO;
				GCC_C_LANGUAGE_STANDARD = gnu99;
				GCC_WARN_64_TO_32_BIT_CONVERSION = YES;
				GCC_WARN_ABOUT_RETURN_TYPE = YES_ERROR;
				GCC_WARN_UNDECLARED_SELECTOR = YES;
				GCC_WARN_UNINITIALIZED_AUTOS = YES_AGGRESSIVE;
				GCC_WARN_UNUSED_FUNCTION = YES;
				GCC_WARN_UNUSED_VARIABLE = YES;
				IPHONEOS_DEPLOYMENT_TARGET = 7.1;
				SDKROOT = iphoneos;
				VALIDATE_PRODUCT = YES;
			};
			name = Release;
		};
		B097701C19920F840021E9E9 /* Debug */ = {
			isa = XCBuildConfiguration;
			buildSettings = {
				ASSETCATALOG_COMPILER_APPICON_NAME = AppIcon;
				ASSETCATALOG_COMPILER_LAUNCHIMAGE_NAME = LaunchImage;
				GCC_PRECOMPILE_PREFIX_HEADER = YES;
				GCC_PREFIX_HEADER = "HotNews/HotNews-Prefix.pch";
				INFOPLIST_FILE = "HotNews/HotNews-Info.plist";
				PRODUCT_NAME = "$(TARGET_NAME)";
				WRAPPER_EXTENSION = app;
			};
			name = Debug;
		};
		B097701D19920F840021E9E9 /* Release */ = {
			isa = XCBuildConfiguration;
			buildSettings = {
				ASSETCATALOG_COMPILER_APPICON_NAME = AppIcon;
				ASSETCATALOG_COMPILER_LAUNCHIMAGE_NAME = LaunchImage;
				GCC_PRECOMPILE_PREFIX_HEADER = YES;
				GCC_PREFIX_HEADER = "HotNews/HotNews-Prefix.pch";
				INFOPLIST_FILE = "HotNews/HotNews-Info.plist";
				PRODUCT_NAME = "$(TARGET_NAME)";
				WRAPPER_EXTENSION = app;
			};
			name = Release;
		};
		B097701F19920F840021E9E9 /* Debug */ = {
			isa = XCBuildConfiguration;
			buildSettings = {
				BUNDLE_LOADER = "$(BUILT_PRODUCTS_DIR)/HotNews.app/HotNews";
				FRAMEWORK_SEARCH_PATHS = (
					"$(SDKROOT)/Developer/Library/Frameworks",
					"$(inherited)",
					"$(DEVELOPER_FRAMEWORKS_DIR)",
				);
				GCC_PRECOMPILE_PREFIX_HEADER = YES;
				GCC_PREFIX_HEADER = "HotNews/HotNews-Prefix.pch";
				GCC_PREPROCESSOR_DEFINITIONS = (
					"DEBUG=1",
					"$(inherited)",
				);
				INFOPLIST_FILE = "HotNewsTests/HotNewsTests-Info.plist";
				PRODUCT_NAME = "$(TARGET_NAME)";
				TEST_HOST = "$(BUNDLE_LOADER)";
				WRAPPER_EXTENSION = xctest;
			};
			name = Debug;
		};
		B097702019920F840021E9E9 /* Release */ = {
			isa = XCBuildConfiguration;
			buildSettings = {
				BUNDLE_LOADER = "$(BUILT_PRODUCTS_DIR)/HotNews.app/HotNews";
				FRAMEWORK_SEARCH_PATHS = (
					"$(SDKROOT)/Developer/Library/Frameworks",
					"$(inherited)",
					"$(DEVELOPER_FRAMEWORKS_DIR)",
				);
				GCC_PRECOMPILE_PREFIX_HEADER = YES;
				GCC_PREFIX_HEADER = "HotNews/HotNews-Prefix.pch";
				INFOPLIST_FILE = "HotNewsTests/HotNewsTests-Info.plist";
				PRODUCT_NAME = "$(TARGET_NAME)";
				TEST_HOST = "$(BUNDLE_LOADER)";
				WRAPPER_EXTENSION = xctest;
			};
			name = Release;
		};
/* End XCBuildConfiguration section */

/* Begin XCConfigurationList section */
		B0976FE419920F840021E9E9 /* Build configuration list for PBXProject "HotNews" */ = {
			isa = XCConfigurationList;
			buildConfigurations = (
				B097701919920F840021E9E9 /* Debug */,
				B097701A19920F840021E9E9 /* Release */,
			);
			defaultConfigurationIsVisible = 0;
			defaultConfigurationName = Release;
		};
		B097701B19920F840021E9E9 /* Build configuration list for PBXNativeTarget "HotNews" */ = {
			isa = XCConfigurationList;
			buildConfigurations = (
				B097701C19920F840021E9E9 /* Debug */,
				B097701D19920F840021E9E9 /* Release */,
			);
			defaultConfigurationIsVisible = 0;
		};
		B097701E19920F840021E9E9 /* Build configuration list for PBXNativeTarget "HotNewsTests" */ = {
			isa = XCConfigurationList;
			buildConfigurations = (
				B097701F19920F840021E9E9 /* Debug */,
				B097702019920F840021E9E9 /* Release */,
			);
			defaultConfigurationIsVisible = 0;
		};
/* End XCConfigurationList section */
	};
	rootObject = B0976FE119920F840021E9E9 /* Project object */;
}
